{
  "originHash" : "32ae7cc141b60eb0c963f7db4cd68dc824ee5ce39480dafee189419f1518a719",
  "pins" : [
    {
      "identity" : "pdfpagepicker",
      "kind" : "remoteSourceControl",
      "location" : "https://github.com/Gabardone/PDFPagePicker",
      "state" : {
        "revision" : "01e13be60c7470aebfc25407075969a3ca4b9ac1",
        "version" : "2.0.0"
      }
    }
  ],
  "version" : 3
}
